
Microsoft Visual Studio Solution File, Format Version 12.00
# Visual Studio Version 17
VisualStudioVersion = 17.14.36518.9 d17.14
MinimumVisualStudioVersion = 10.0.40219.1
Project("{FAE04EC0-301F-11D3-BF4B-00C04F79EFBC}") = "Projet Quiz Mathématique", "Projet Quiz Mathématique\Projet Quiz Mathématique.csproj", "{7AFF9433-D175-4CD9-BF63-78C202BA0FA9}"
EndProject
Global
	GlobalSection(SolutionConfigurationPlatforms) = preSolution
		Debug|Any CPU = Debug|Any CPU
		Release|Any CPU = Release|Any CPU
	EndGlobalSection
	GlobalSection(ProjectConfigurationPlatforms) = postSolution
		{7AFF9433-D175-4CD9-BF63-78C202BA0FA9}.Debug|Any CPU.ActiveCfg = Debug|Any CPU
		{7AFF9433-D175-4CD9-BF63-78C202BA0FA9}.Debug|Any CPU.Build.0 = Debug|Any CPU
		{7AFF9433-D175-4CD9-BF63-78C202BA0FA9}.Release|Any CPU.ActiveCfg = Release|Any CPU
		{7AFF9433-D175-4CD9-BF63-78C202BA0FA9}.Release|Any CPU.Build.0 = Release|Any CPU
	EndGlobalSection
	GlobalSection(SolutionProperties) = preSolution
		HideSolutionNode = FALSE
	EndGlobalSection
	GlobalSection(ExtensibilityGlobals) = postSolution
		SolutionGuid = {E6C1DC5E-3423-4139-A201-B5DDB1F39B72}
	EndGlobalSection
EndGlobal
